// !$*UTF8*$!
{
	archiveVersion = 1;
	classes = {
	};
	objectVersion = 46;
	objects = {

/* Begin PBXBuildFile section */
		18322E0F1B13033200910882 /* main.m in Sources */ = {isa = PBXBuildFile; fileRef = 18322E0E1B13033200910882 /* main.m */; };
		18322E121B13033200910882 /* AppDelegate.m in Sources */ = {isa = PBXBuildFile; fileRef = 18322E111B13033200910882 /* AppDelegate.m */; };
		18322E181B13033200910882 /* Main.storyboard in Resources */ = {isa = PBXBuildFile; fileRef = 18322E161B13033200910882 /* Main.storyboard */; };
		18322E1A1B13033200910882 /* Images.xcassets in Resources */ = {isa = PBXBuildFile; fileRef = 18322E191B13033200910882 /* Images.xcassets */; };
		183291AD1B13257E00D89946 /* form_field.png in Resources */ = {isa = PBXBuildFile; fileRef = 183291AB1B13257E00D89946 /* form_field.png */; };
		183291AE1B13257E00D89946 /* form_field@2x.png in Resources */ = {isa = PBXBuildFile; fileRef = 183291AC1B13257E00D89946 /* form_field@2x.png */; };
		183291B61B1325F700D89946 /* button_generic.png in Resources */ = {isa = PBXBuildFile; fileRef = 183291B01B1325F700D89946 /* button_generic.png */; };
		183291B71B1325F700D89946 /* button_generic@2x.png in Resources */ = {isa = PBXBuildFile; fileRef = 183291B11B1325F700D89946 /* button_generic@2x.png */; };
		183291B81B1325F700D89946 /* button_generic@3x.png in Resources */ = {isa = PBXBuildFile; fileRef = 183291B21B1325F700D89946 /* button_generic@3x.png */; };
		183291B91B1325F700D89946 /* button_login.png in Resources */ = {isa = PBXBuildFile; fileRef = 183291B31B1325F700D89946 /* button_login.png */; };
		183291BA1B1325F700D89946 /* button_login@2x.png in Resources */ = {isa = PBXBuildFile; fileRef = 183291B41B1325F700D89946 /* button_login@2x.png */; };
		183291BB1B1325F700D89946 /* button_login@3x.png in Resources */ = {isa = PBXBuildFile; fileRef = 183291B51B1325F700D89946 /* button_login@3x.png */; };
		183291BE1B13344000D89946 /* ForgotPasswordViewController.m in Sources */ = {isa = PBXBuildFile; fileRef = 183291BD1B13344000D89946 /* ForgotPasswordViewController.m */; };
		183291CE1B13369F00D89946 /* ZWTTextboxToolbarHandler.m in Sources */ = {isa = PBXBuildFile; fileRef = 183291C61B13369F00D89946 /* ZWTTextboxToolbarHandler.m */; };
		183291D61B1343A600D89946 /* DTUser.m in Sources */ = {isa = PBXBuildFile; fileRef = 183291D41B1343A600D89946 /* DTUser.m */; };
		183291D91B13440B00D89946 /* DTDBManager.m in Sources */ = {isa = PBXBuildFile; fileRef = 183291D81B13440B00D89946 /* DTDBManager.m */; };
		183291DB1B1345C700D89946 /* libsqlite3.0.dylib in Frameworks */ = {isa = PBXBuildFile; fileRef = 183291DA1B1345C700D89946 /* libsqlite3.0.dylib */; };
		183291DE1B134A9C00D89946 /* form_date@2x.png in Resources */ = {isa = PBXBuildFile; fileRef = 183291DC1B134A9C00D89946 /* form_date@2x.png */; };
		183291DF1B134A9C00D89946 /* form_date@3x.png in Resources */ = {isa = PBXBuildFile; fileRef = 183291DD1B134A9C00D89946 /* form_date@3x.png */; };
		183291E11B134AB100D89946 /* form_date.png in Resources */ = {isa = PBXBuildFile; fileRef = 183291E01B134AB100D89946 /* form_date.png */; };
		183291EF1B134B8D00D89946 /* placeholder_profilepicture.png in Resources */ = {isa = PBXBuildFile; fileRef = 183291E31B134B8D00D89946 /* placeholder_profilepicture.png */; };
		183291F01B134B8D00D89946 /* placeholder_profilepicture@2x.png in Resources */ = {isa = PBXBuildFile; fileRef = 183291E41B134B8D00D89946 /* placeholder_profilepicture@2x.png */; };
		183291F11B134B8D00D89946 /* placeholder_profilepicture@3x.png in Resources */ = {isa = PBXBuildFile; fileRef = 183291E51B134B8D00D89946 /* placeholder_profilepicture@3x.png */; };
		183291F21B134B8D00D89946 /* switch_gender_female.png in Resources */ = {isa = PBXBuildFile; fileRef = 183291E61B134B8D00D89946 /* switch_gender_female.png */; };
		183291F31B134B8D00D89946 /* switch_gender_female@2x.png in Resources */ = {isa = PBXBuildFile; fileRef = 183291E71B134B8D00D89946 /* switch_gender_female@2x.png */; };
		183291F41B134B8D00D89946 /* switch_gender_female@3x.png in Resources */ = {isa = PBXBuildFile; fileRef = 183291E81B134B8D00D89946 /* switch_gender_female@3x.png */; };
		183291F51B134B8D00D89946 /* switch_gender_male.png in Resources */ = {isa = PBXBuildFile; fileRef = 183291E91B134B8D00D89946 /* switch_gender_male.png */; };
		183291F61B134B8D00D89946 /* switch_gender_male@2x.png in Resources */ = {isa = PBXBuildFile; fileRef = 183291EA1B134B8D00D89946 /* switch_gender_male@2x.png */; };
		183291F71B134B8D00D89946 /* switch_gender_male@3x.png in Resources */ = {isa = PBXBuildFile; fileRef = 183291EB1B134B8D00D89946 /* switch_gender_male@3x.png */; };
		183291F81B134B8D00D89946 /* switch_gender_track.png in Resources */ = {isa = PBXBuildFile; fileRef = 183291EC1B134B8D00D89946 /* switch_gender_track.png */; };
		183291F91B134B8D00D89946 /* switch_gender_track@2x.png in Resources */ = {isa = PBXBuildFile; fileRef = 183291ED1B134B8D00D89946 /* switch_gender_track@2x.png */; };
		183291FA1B134B8D00D89946 /* switch_gender_track@3x.png in Resources */ = {isa = PBXBuildFile; fileRef = 183291EE1B134B8D00D89946 /* switch_gender_track@3x.png */; };
		184391A11B13068000C24C5D /* LoginViewController.m in Sources */ = {isa = PBXBuildFile; fileRef = 184391A01B13068000C24C5D /* LoginViewController.m */; };
		184391A41B13068B00C24C5D /* SignupViewController.m in Sources */ = {isa = PBXBuildFile; fileRef = 184391A31B13068B00C24C5D /* SignupViewController.m */; };
		184391A71B13069800C24C5D /* ProfileViewController.m in Sources */ = {isa = PBXBuildFile; fileRef = 184391A61B13069800C24C5D /* ProfileViewController.m */; };
		184391AB1B130B4500C24C5D /* Roboto-Bold_15.ttf in Resources */ = {isa = PBXBuildFile; fileRef = 184391A91B130B4500C24C5D /* Roboto-Bold_15.ttf */; };
		184391AC1B130B4500C24C5D /* Roboto-Light_15.ttf in Resources */ = {isa = PBXBuildFile; fileRef = 184391AA1B130B4500C24C5D /* Roboto-Light_15.ttf */; };
		184391B01B130C6F00C24C5D /* bg-480@2x.png in Resources */ = {isa = PBXBuildFile; fileRef = 184391AF1B130C6F00C24C5D /* bg-480@2x.png */; };
		184391B21B130CA300C24C5D /* bg-568@2x.png in Resources */ = {isa = PBXBuildFile; fileRef = 184391B11B130CA300C24C5D /* bg-568@2x.png */; };
		184391B41B130CD900C24C5D /* bg-667@2x.png in Resources */ = {isa = PBXBuildFile; fileRef = 184391B31B130CD900C24C5D /* bg-667@2x.png */; };
		184391B61B130CEB00C24C5D /* bg-736@2x.png in Resources */ = {isa = PBXBuildFile; fileRef = 184391B51B130CEB00C24C5D /* bg-736@2x.png */; };
		184391BA1B130D3D00C24C5D /* DTGlobal.m in Sources */ = {isa = PBXBuildFile; fileRef = 184391B91B130D3D00C24C5D /* DTGlobal.m */; };
		185710911B135EE10015BB49 /* StoreKit.framework in Frameworks */ = {isa = PBXBuildFile; fileRef = 185710901B135EE10015BB49 /* StoreKit.framework */; };
		185710931B135EE80015BB49 /* MobileCoreServices.framework in Frameworks */ = {isa = PBXBuildFile; fileRef = 185710921B135EE80015BB49 /* MobileCoreServices.framework */; };
		185710951B135EEE0015BB49 /* Security.framework in Frameworks */ = {isa = PBXBuildFile; fileRef = 185710941B135EEE0015BB49 /* Security.framework */; };
		185710971B135EF50015BB49 /* SystemConfiguration.framework in Frameworks */ = {isa = PBXBuildFile; fileRef = 185710961B135EF50015BB49 /* SystemConfiguration.framework */; };
		185710991B135EFC0015BB49 /* AudioToolbox.framework in Frameworks */ = {isa = PBXBuildFile; fileRef = 185710981B135EFC0015BB49 /* AudioToolbox.framework */; };
		1857109B1B135F020015BB49 /* MediaPlayer.framework in Frameworks */ = {isa = PBXBuildFile; fileRef = 1857109A1B135F020015BB49 /* MediaPlayer.framework */; };
		1857109D1B135F130015BB49 /* Parse.framework in Frameworks */ = {isa = PBXBuildFile; fileRef = 1857109C1B135F130015BB49 /* Parse.framework */; };
		1857109F1B135F1B0015BB49 /* Bolts.framework in Frameworks */ = {isa = PBXBuildFile; fileRef = 1857109E1B135F1B0015BB49 /* Bolts.framework */; };
		185710A11B135F280015BB49 /* ParseFacebookUtils.framework in Frameworks */ = {isa = PBXBuildFile; fileRef = 185710A01B135F280015BB49 /* ParseFacebookUtils.framework */; };
/* End PBXBuildFile section */

/* Begin PBXFileReference section */
		18322E091B13033200910882 /* Development Test.app */ = {isa = PBXFileReference; explicitFileType = wrapper.application; includeInIndex = 0; path = "Development Test.app"; sourceTree = BUILT_PRODUCTS_DIR; };
		18322E0D1B13033200910882 /* Info.plist */ = {isa = PBXFileReference; lastKnownFileType = text.plist.xml; path = Info.plist; sourceTree = "<group>"; };
		18322E0E1B13033200910882 /* main.m */ = {isa = PBXFileReference; lastKnownFileType = sourcecode.c.objc; path = main.m; sourceTree = "<group>"; };
		18322E101B13033200910882 /* AppDelegate.h */ = {isa = PBXFileReference; lastKnownFileType = sourcecode.c.h; path = AppDelegate.h; sourceTree = "<group>"; };
		18322E111B13033200910882 /* AppDelegate.m */ = {isa = PBXFileReference; lastKnownFileType = sourcecode.c.objc; path = AppDelegate.m; sourceTree = "<group>"; };
		18322E171B13033200910882 /* Base */ = {isa = PBXFileReference; lastKnownFileType = file.storyboard; name = Base; path = Base.lproj/Main.storyboard; sourceTree = "<group>"; };
		18322E191B13033200910882 /* Images.xcassets */ = {isa = PBXFileReference; lastKnownFileType = folder.assetcatalog; path = Images.xcassets; sourceTree = "<group>"; };
		183291AA1B13211C00D89946 /* PrefixHeader.pch */ = {isa = PBXFileReference; fileEncoding = 4; lastKnownFileType = sourcecode.c.h; path = PrefixHeader.pch; sourceTree = "<group>"; };
		183291AB1B13257E00D89946 /* form_field.png */ = {isa = PBXFileReference; lastKnownFileType = image.png; path = form_field.png; sourceTree = "<group>"; };
		183291AC1B13257E00D89946 /* form_field@2x.png */ = {isa = PBXFileReference; lastKnownFileType = image.png; path = "form_field@2x.png"; sourceTree = "<group>"; };
		183291B01B1325F700D89946 /* button_generic.png */ = {isa = PBXFileReference; lastKnownFileType = image.png; path = button_generic.png; sourceTree = "<group>"; };
		183291B11B1325F700D89946 /* button_generic@2x.png */ = {isa = PBXFileReference; lastKnownFileType = image.png; path = "button_generic@2x.png"; sourceTree = "<group>"; };
		183291B21B1325F700D89946 /* button_generic@3x.png */ = {isa = PBXFileReference; lastKnownFileType = image.png; path = "button_generic@3x.png"; sourceTree = "<group>"; };
		183291B31B1325F700D89946 /* button_login.png */ = {isa = PBXFileReference; lastKnownFileType = image.png; path = button_login.png; sourceTree = "<group>"; };
		183291B41B1325F700D89946 /* button_login@2x.png */ = {isa = PBXFileReference; lastKnownFileType = image.png; path = "button_login@2x.png"; sourceTree = "<group>"; };
		183291B51B1325F700D89946 /* button_login@3x.png */ = {isa = PBXFileReference; lastKnownFileType = image.png; path = "button_login@3x.png"; sourceTree = "<group>"; };
		183291BC1B13344000D89946 /* ForgotPasswordViewController.h */ = {isa = PBXFileReference; fileEncoding = 4; lastKnownFileType = sourcecode.c.h; path = ForgotPasswordViewController.h; sourceTree = "<group>"; };
		183291BD1B13344000D89946 /* ForgotPasswordViewController.m */ = {isa = PBXFileReference; fileEncoding = 4; lastKnownFileType = sourcecode.c.objc; path = ForgotPasswordViewController.m; sourceTree = "<group>"; };
		183291C51B13369F00D89946 /* ZWTTextboxToolbarHandler.h */ = {isa = PBXFileReference; fileEncoding = 4; lastKnownFileType = sourcecode.c.h; path = ZWTTextboxToolbarHandler.h; sourceTree = "<group>"; };
		183291C61B13369F00D89946 /* ZWTTextboxToolbarHandler.m */ = {isa = PBXFileReference; fileEncoding = 4; lastKnownFileType = sourcecode.c.objc; path = ZWTTextboxToolbarHandler.m; sourceTree = "<group>"; };
		183291D31B1343A600D89946 /* DTUser.h */ = {isa = PBXFileReference; fileEncoding = 4; lastKnownFileType = sourcecode.c.h; path = DTUser.h; sourceTree = "<group>"; };
		183291D41B1343A600D89946 /* DTUser.m */ = {isa = PBXFileReference; fileEncoding = 4; lastKnownFileType = sourcecode.c.objc; path = DTUser.m; sourceTree = "<group>"; };
		183291D71B13440B00D89946 /* DTDBManager.h */ = {isa = PBXFileReference; fileEncoding = 4; lastKnownFileType = sourcecode.c.h; path = DTDBManager.h; sourceTree = "<group>"; };
		183291D81B13440B00D89946 /* DTDBManager.m */ = {isa = PBXFileReference; fileEncoding = 4; lastKnownFileType = sourcecode.c.objc; path = DTDBManager.m; sourceTree = "<group>"; };
		183291DA1B1345C700D89946 /* libsqlite3.0.dylib */ = {isa = PBXFileReference; lastKnownFileType = "compiled.mach-o.dylib"; name = libsqlite3.0.dylib; path = usr/lib/libsqlite3.0.dylib; sourceTree = SDKROOT; };
		183291DC1B134A9C00D89946 /* form_date@2x.png */ = {isa = PBXFileReference; lastKnownFileType = image.png; path = "form_date@2x.png"; sourceTree = "<group>"; };
		183291DD1B134A9C00D89946 /* form_date@3x.png */ = {isa = PBXFileReference; lastKnownFileType = image.png; path = "form_date@3x.png"; sourceTree = "<group>"; };
		183291E01B134AB100D89946 /* form_date.png */ = {isa = PBXFileReference; lastKnownFileType = image.png; path = form_date.png; sourceTree = "<group>"; };
		183291E31B134B8D00D89946 /* placeholder_profilepicture.png */ = {isa = PBXFileReference; lastKnownFileType = image.png; path = placeholder_profilepicture.png; sourceTree = "<group>"; };
		183291E41B134B8D00D89946 /* placeholder_profilepicture@2x.png */ = {isa = PBXFileReference; lastKnownFileType = image.png; path = "placeholder_profilepicture@2x.png"; sourceTree = "<group>"; };
		183291E51B134B8D00D89946 /* placeholder_profilepicture@3x.png */ = {isa = PBXFileReference; lastKnownFileType = image.png; path = "placeholder_profilepicture@3x.png"; sourceTree = "<group>"; };
		183291E61B134B8D00D89946 /* switch_gender_female.png */ = {isa = PBXFileReference; lastKnownFileType = image.png; path = switch_gender_female.png; sourceTree = "<group>"; };
		183291E71B134B8D00D89946 /* switch_gender_female@2x.png */ = {isa = PBXFileReference; lastKnownFileType = image.png; path = "switch_gender_female@2x.png"; sourceTree = "<group>"; };
		183291E81B134B8D00D89946 /* switch_gender_female@3x.png */ = {isa = PBXFileReference; lastKnownFileType = image.png; path = "switch_gender_female@3x.png"; sourceTree = "<group>"; };
		183291E91B134B8D00D89946 /* switch_gender_male.png */ = {isa = PBXFileReference; lastKnownFileType = image.png; path = switch_gender_male.png; sourceTree = "<group>"; };
		183291EA1B134B8D00D89946 /* switch_gender_male@2x.png */ = {isa = PBXFileReference; lastKnownFileType = image.png; path = "switch_gender_male@2x.png"; sourceTree = "<group>"; };
		183291EB1B134B8D00D89946 /* switch_gender_male@3x.png */ = {isa = PBXFileReference; lastKnownFileType = image.png; path = "switch_gender_male@3x.png"; sourceTree = "<group>"; };
		183291EC1B134B8D00D89946 /* switch_gender_track.png */ = {isa = PBXFileReference; lastKnownFileType = image.png; path = switch_gender_track.png; sourceTree = "<group>"; };
		183291ED1B134B8D00D89946 /* switch_gender_track@2x.png */ = {isa = PBXFileReference; lastKnownFileType = image.png; path = "switch_gender_track@2x.png"; sourceTree = "<group>"; };
		183291EE1B134B8D00D89946 /* switch_gender_track@3x.png */ = {isa = PBXFileReference; lastKnownFileType = image.png; path = "switch_gender_track@3x.png"; sourceTree = "<group>"; };
		1843919F1B13068000C24C5D /* LoginViewController.h */ = {isa = PBXFileReference; fileEncoding = 4; lastKnownFileType = sourcecode.c.h; path = LoginViewController.h; sourceTree = "<group>"; };
		184391A01B13068000C24C5D /* LoginViewController.m */ = {isa = PBXFileReference; fileEncoding = 4; lastKnownFileType = sourcecode.c.objc; path = LoginViewController.m; sourceTree = "<group>"; };
		184391A21B13068B00C24C5D /* SignupViewController.h */ = {isa = PBXFileReference; fileEncoding = 4; lastKnownFileType = sourcecode.c.h; path = SignupViewController.h; sourceTree = "<group>"; };
		184391A31B13068B00C24C5D /* SignupViewController.m */ = {isa = PBXFileReference; fileEncoding = 4; lastKnownFileType = sourcecode.c.objc; path = SignupViewController.m; sourceTree = "<group>"; };
		184391A51B13069800C24C5D /* ProfileViewController.h */ = {isa = PBXFileReference; fileEncoding = 4; lastKnownFileType = sourcecode.c.h; path = ProfileViewController.h; sourceTree = "<group>"; };
		184391A61B13069800C24C5D /* ProfileViewController.m */ = {isa = PBXFileReference; fileEncoding = 4; lastKnownFileType = sourcecode.c.objc; path = ProfileViewController.m; sourceTree = "<group>"; };
		184391A91B130B4500C24C5D /* Roboto-Bold_15.ttf */ = {isa = PBXFileReference; lastKnownFileType = file; path = "Roboto-Bold_15.ttf"; sourceTree = "<group>"; };
		184391AA1B130B4500C24C5D /* Roboto-Light_15.ttf */ = {isa = PBXFileReference; lastKnownFileType = file; path = "Roboto-Light_15.ttf"; sourceTree = "<group>"; };
		184391AF1B130C6F00C24C5D /* bg-480@2x.png */ = {isa = PBXFileReference; lastKnownFileType = image.png; path = "bg-480@2x.png"; sourceTree = "<group>"; };
		184391B11B130CA300C24C5D /* bg-568@2x.png */ = {isa = PBXFileReference; lastKnownFileType = image.png; path = "bg-568@2x.png"; sourceTree = "<group>"; };
		184391B31B130CD900C24C5D /* bg-667@2x.png */ = {isa = PBXFileReference; lastKnownFileType = image.png; path = "bg-667@2x.png"; sourceTree = "<group>"; };
		184391B51B130CEB00C24C5D /* bg-736@2x.png */ = {isa = PBXFileReference; lastKnownFileType = image.png; path = "bg-736@2x.png"; sourceTree = "<group>"; };
		184391B81B130D3D00C24C5D /* DTGlobal.h */ = {isa = PBXFileReference; fileEncoding = 4; lastKnownFileType = sourcecode.c.h; path = DTGlobal.h; sourceTree = "<group>"; };
		184391B91B130D3D00C24C5D /* DTGlobal.m */ = {isa = PBXFileReference; fileEncoding = 4; lastKnownFileType = sourcecode.c.objc; path = DTGlobal.m; sourceTree = "<group>"; };
		185710901B135EE10015BB49 /* StoreKit.framework */ = {isa = PBXFileReference; lastKnownFileType = wrapper.framework; name = StoreKit.framework; path = System/Library/Frameworks/StoreKit.framework; sourceTree = SDKROOT; };
		185710921B135EE80015BB49 /* MobileCoreServices.framework */ = {isa = PBXFileReference; lastKnownFileType = wrapper.framework; name = MobileCoreServices.framework; path = System/Library/Frameworks/MobileCoreServices.framework; sourceTree = SDKROOT; };
		185710941B135EEE0015BB49 /* Security.framework */ = {isa = PBXFileReference; lastKnownFileType = wrapper.framework; name = Security.framework; path = System/Library/Frameworks/Security.framework; sourceTree = SDKROOT; };
		185710961B135EF50015BB49 /* SystemConfiguration.framework */ = {isa = PBXFileReference; lastKnownFileType = wrapper.framework; name = SystemConfiguration.framework; path = System/Library/Frameworks/SystemConfiguration.framework; sourceTree = SDKROOT; };
		185710981B135EFC0015BB49 /* AudioToolbox.framework */ = {isa = PBXFileReference; lastKnownFileType = wrapper.framework; name = AudioToolbox.framework; path = System/Library/Frameworks/AudioToolbox.framework; sourceTree = SDKROOT; };
		1857109A1B135F020015BB49 /* MediaPlayer.framework */ = {isa = PBXFileReference; lastKnownFileType = wrapper.framework; name = MediaPlayer.framework; path = System/Library/Frameworks/MediaPlayer.framework; sourceTree = SDKROOT; };
		1857109C1B135F130015BB49 /* Parse.framework */ = {isa = PBXFileReference; lastKnownFileType = wrapper.framework; name = Parse.framework; path = ../Parse.framework; sourceTree = "<group>"; };
		1857109E1B135F1B0015BB49 /* Bolts.framework */ = {isa = PBXFileReference; lastKnownFileType = wrapper.framework; name = Bolts.framework; path = ../Bolts.framework; sourceTree = "<group>"; };
		185710A01B135F280015BB49 /* ParseFacebookUtils.framework */ = {isa = PBXFileReference; lastKnownFileType = wrapper.framework; name = ParseFacebookUtils.framework; path = ../ParseFacebookUtils.framework; sourceTree = "<group>"; };
/* End PBXFileReference section */

/* Begin PBXFrameworksBuildPhase section */
		18322E061B13033200910882 /* Frameworks */ = {
			isa = PBXFrameworksBuildPhase;
			buildActionMask = 2147483647;
			files = (
				1857109B1B135F020015BB49 /* MediaPlayer.framework in Frameworks */,
				185710991B135EFC0015BB49 /* AudioToolbox.framework in Frameworks */,
				185710971B135EF50015BB49 /* SystemConfiguration.framework in Frameworks */,
				185710951B135EEE0015BB49 /* Security.framework in Frameworks */,
				185710931B135EE80015BB49 /* MobileCoreServices.framework in Frameworks */,
				185710911B135EE10015BB49 /* StoreKit.framework in Frameworks */,
				1857109F1B135F1B0015BB49 /* Bolts.framework in Frameworks */,
				1857109D1B135F130015BB49 /* Parse.framework in Frameworks */,
				185710A11B135F280015BB49 /* ParseFacebookUtils.framework in Frameworks */,
				183291DB1B1345C700D89946 /* libsqlite3.0.dylib in Frameworks */,
			);
			runOnlyForDeploymentPostprocessing = 0;
		};
/* End PBXFrameworksBuildPhase section */

/* Begin PBXGroup section */
		18322E001B13033200910882 = {
			isa = PBXGroup;
			children = (
				18322E0B1B13033200910882 /* Development Test */,
				18322E0A1B13033200910882 /* Products */,
			);
			sourceTree = "<group>";
		};
		18322E0A1B13033200910882 /* Products */ = {
			isa = PBXGroup;
			children = (
				18322E091B13033200910882 /* Development Test.app */,
			);
			name = Products;
			sourceTree = "<group>";
		};
		18322E0B1B13033200910882 /* Development Test */ = {
			isa = PBXGroup;
			children = (
				185710A21B135F370015BB49 /* Frameworks */,
				183291BF1B13369F00D89946 /* Libraries */,
				184391B71B130D0D00C24C5D /* Modal */,
				184391AD1B130B6700C24C5D /* Images */,
				184391A81B130B3B00C24C5D /* Font */,
				18322E101B13033200910882 /* AppDelegate.h */,
				18322E111B13033200910882 /* AppDelegate.m */,
				1843919F1B13068000C24C5D /* LoginViewController.h */,
				184391A01B13068000C24C5D /* LoginViewController.m */,
				184391A21B13068B00C24C5D /* SignupViewController.h */,
				184391A31B13068B00C24C5D /* SignupViewController.m */,
				184391A51B13069800C24C5D /* ProfileViewController.h */,
				184391A61B13069800C24C5D /* ProfileViewController.m */,
				183291BC1B13344000D89946 /* ForgotPasswordViewController.h */,
				183291BD1B13344000D89946 /* ForgotPasswordViewController.m */,
				18322E161B13033200910882 /* Main.storyboard */,
				18322E191B13033200910882 /* Images.xcassets */,
				18322E0C1B13033200910882 /* Supporting Files */,
			);
			path = "Development Test";
			sourceTree = "<group>";
		};
		18322E0C1B13033200910882 /* Supporting Files */ = {
			isa = PBXGroup;
			children = (
				18322E0D1B13033200910882 /* Info.plist */,
				18322E0E1B13033200910882 /* main.m */,
				183291AA1B13211C00D89946 /* PrefixHeader.pch */,
			);
			name = "Supporting Files";
			sourceTree = "<group>";
		};
		183291AF1B13258200D89946 /* Common */ = {
			isa = PBXGroup;
			children = (
				183291E01B134AB100D89946 /* form_date.png */,
				183291DC1B134A9C00D89946 /* form_date@2x.png */,
				183291DD1B134A9C00D89946 /* form_date@3x.png */,
				183291B01B1325F700D89946 /* button_generic.png */,
				183291B11B1325F700D89946 /* button_generic@2x.png */,
				183291B21B1325F700D89946 /* button_generic@3x.png */,
				183291B31B1325F700D89946 /* button_login.png */,
				183291B41B1325F700D89946 /* button_login@2x.png */,
				183291B51B1325F700D89946 /* button_login@3x.png */,
				183291AB1B13257E00D89946 /* form_field.png */,
				183291AC1B13257E00D89946 /* form_field@2x.png */,
			);
			name = Common;
			sourceTree = "<group>";
		};
		183291BF1B13369F00D89946 /* Libraries */ = {
			isa = PBXGroup;
			children = (
				183291C41B13369F00D89946 /* ZWTTextboxToolbarHandler */,
			);
			path = Libraries;
			sourceTree = "<group>";
		};
		183291C41B13369F00D89946 /* ZWTTextboxToolbarHandler */ = {
			isa = PBXGroup;
			children = (
				183291C51B13369F00D89946 /* ZWTTextboxToolbarHandler.h */,
				183291C61B13369F00D89946 /* ZWTTextboxToolbarHandler.m */,
			);
			path = ZWTTextboxToolbarHandler;
			sourceTree = "<group>";
		};
		183291E21B134B6E00D89946 /* Profile */ = {
			isa = PBXGroup;
			children = (
				183291E31B134B8D00D89946 /* placeholder_profilepicture.png */,
				183291E41B134B8D00D89946 /* placeholder_profilepicture@2x.png */,
				183291E51B134B8D00D89946 /* placeholder_profilepicture@3x.png */,
				183291E61B134B8D00D89946 /* switch_gender_female.png */,
				183291E71B134B8D00D89946 /* switch_gender_female@2x.png */,
				183291E81B134B8D00D89946 /* switch_gender_female@3x.png */,
				183291E91B134B8D00D89946 /* switch_gender_male.png */,
				183291EA1B134B8D00D89946 /* switch_gender_male@2x.png */,
				183291EB1B134B8D00D89946 /* switch_gender_male@3x.png */,
				183291EC1B134B8D00D89946 /* switch_gender_track.png */,
				183291ED1B134B8D00D89946 /* switch_gender_track@2x.png */,
				183291EE1B134B8D00D89946 /* switch_gender_track@3x.png */,
			);
			name = Profile;
			sourceTree = "<group>";
		};
		184391A81B130B3B00C24C5D /* Font */ = {
			isa = PBXGroup;
			children = (
				184391A91B130B4500C24C5D /* Roboto-Bold_15.ttf */,
				184391AA1B130B4500C24C5D /* Roboto-Light_15.ttf */,
			);
			name = Font;
			sourceTree = "<group>";
		};
		184391AD1B130B6700C24C5D /* Images */ = {
			isa = PBXGroup;
			children = (
				183291E21B134B6E00D89946 /* Profile */,
				183291AF1B13258200D89946 /* Common */,
				184391AE1B130C3D00C24C5D /* Background */,
			);
			path = Images;
			sourceTree = "<group>";
		};
		184391AE1B130C3D00C24C5D /* Background */ = {
			isa = PBXGroup;
			children = (
				184391AF1B130C6F00C24C5D /* bg-480@2x.png */,
				184391B11B130CA300C24C5D /* bg-568@2x.png */,
				184391B31B130CD900C24C5D /* bg-667@2x.png */,
				184391B51B130CEB00C24C5D /* bg-736@2x.png */,
			);
			name = Background;
			sourceTree = "<group>";
		};
		184391B71B130D0D00C24C5D /* Modal */ = {
			isa = PBXGroup;
			children = (
				183291D71B13440B00D89946 /* DTDBManager.h */,
				183291D81B13440B00D89946 /* DTDBManager.m */,
				183291D31B1343A600D89946 /* DTUser.h */,
				183291D41B1343A600D89946 /* DTUser.m */,
				184391B81B130D3D00C24C5D /* DTGlobal.h */,
				184391B91B130D3D00C24C5D /* DTGlobal.m */,
			);
			name = Modal;
			sourceTree = "<group>";
		};
		185710A21B135F370015BB49 /* Frameworks */ = {
			isa = PBXGroup;
			children = (
				1857109A1B135F020015BB49 /* MediaPlayer.framework */,
				185710981B135EFC0015BB49 /* AudioToolbox.framework */,
				185710961B135EF50015BB49 /* SystemConfiguration.framework */,
				185710941B135EEE0015BB49 /* Security.framework */,
				185710921B135EE80015BB49 /* MobileCoreServices.framework */,
				185710901B135EE10015BB49 /* StoreKit.framework */,
				183291DA1B1345C700D89946 /* libsqlite3.0.dylib */,
				185710A01B135F280015BB49 /* ParseFacebookUtils.framework */,
				1857109C1B135F130015BB49 /* Parse.framework */,
				1857109E1B135F1B0015BB49 /* Bolts.framework */,
			);
			name = Frameworks;
			sourceTree = "<group>";
		};
/* End PBXGroup section */

/* Begin PBXNativeTarget section */
		18322E081B13033200910882 /* Development Test */ = {
			isa = PBXNativeTarget;
			buildConfigurationList = 18322E2C1B13033200910882 /* Build configuration list for PBXNativeTarget "Development Test" */;
			buildPhases = (
				18322E051B13033200910882 /* Sources */,
				18322E061B13033200910882 /* Frameworks */,
				18322E071B13033200910882 /* Resources */,
			);
			buildRules = (
			);
			dependencies = (
			);
			name = "Development Test";
			productName = "Development Test";
			productReference = 18322E091B13033200910882 /* Development Test.app */;
			productType = "com.apple.product-type.application";
		};
/* End PBXNativeTarget section */

/* Begin PBXProject section */
		18322E011B13033200910882 /* Project object */ = {
			isa = PBXProject;
			attributes = {
				LastUpgradeCheck = 0630;
				ORGANIZATIONNAME = Development;
				TargetAttributes = {
					18322E081B13033200910882 = {
						CreatedOnToolsVersion = 6.3.2;
					};
				};
			};
			buildConfigurationList = 18322E041B13033200910882 /* Build configuration list for PBXProject "Development Test" */;
			compatibilityVersion = "Xcode 3.2";
			developmentRegion = English;
			hasScannedForEncodings = 0;
			knownRegions = (
				en,
				Base,
			);
			mainGroup = 18322E001B13033200910882;
			productRefGroup = 18322E0A1B13033200910882 /* Products */;
			projectDirPath = "";
			projectRoot = "";
			targets = (
				18322E081B13033200910882 /* Development Test */,
			);
		};
/* End PBXProject section */

/* Begin PBXResourcesBuildPhase section */
		18322E071B13033200910882 /* Resources */ = {
			isa = PBXResourcesBuildPhase;
			buildActionMask = 2147483647;
			files = (
				183291F11B134B8D00D89946 /* placeholder_profilepicture@3x.png in Resources */,
				184391B61B130CEB00C24C5D /* bg-736@2x.png in Resources */,
				183291DF1B134A9C00D89946 /* form_date@3x.png in Resources */,
				183291BA1B1325F700D89946 /* button_login@2x.png in Resources */,
				184391B01B130C6F00C24C5D /* bg-480@2x.png in Resources */,
				184391AB1B130B4500C24C5D /* Roboto-Bold_15.ttf in Resources */,
				184391B21B130CA300C24C5D /* bg-568@2x.png in Resources */,
				183291BB1B1325F700D89946 /* button_login@3x.png in Resources */,
				183291B81B1325F700D89946 /* button_generic@3x.png in Resources */,
				183291B91B1325F700D89946 /* button_login.png in Resources */,
				18322E181B13033200910882 /* Main.storyboard in Resources */,
				184391AC1B130B4500C24C5D /* Roboto-Light_15.ttf in Resources */,
				183291F21B134B8D00D89946 /* switch_gender_female.png in Resources */,
				183291E11B134AB100D89946 /* form_date.png in Resources */,
				183291B61B1325F700D89946 /* button_generic.png in Resources */,
				183291F71B134B8D00D89946 /* switch_gender_male@3x.png in Resources */,
				183291F31B134B8D00D89946 /* switch_gender_female@2x.png in Resources */,
				183291DE1B134A9C00D89946 /* form_date@2x.png in Resources */,
				183291F41B134B8D00D89946 /* switch_gender_female@3x.png in Resources */,
				18322E1A1B13033200910882 /* Images.xcassets in Resources */,
				183291F51B134B8D00D89946 /* switch_gender_male.png in Resources */,
				183291AE1B13257E00D89946 /* form_field@2x.png in Resources */,
				183291EF1B134B8D00D89946 /* placeholder_profilepicture.png in Resources */,
				184391B41B130CD900C24C5D /* bg-667@2x.png in Resources */,
				183291F61B134B8D00D89946 /* switch_gender_male@2x.png in Resources */,
				183291FA1B134B8D00D89946 /* switch_gender_track@3x.png in Resources */,
				183291F91B134B8D00D89946 /* switch_gender_track@2x.png in Resources */,
				183291F01B134B8D00D89946 /* placeholder_profilepicture@2x.png in Resources */,
				183291F81B134B8D00D89946 /* switch_gender_track.png in Resources */,
				183291B71B1325F700D89946 /* button_generic@2x.png in Resources */,
				183291AD1B13257E00D89946 /* form_field.png in Resources */,
			);
			runOnlyForDeploymentPostprocessing = 0;
		};
/* End PBXResourcesBuildPhase section */

/* Begin PBXSourcesBuildPhase section */
		18322E051B13033200910882 /* Sources */ = {
			isa = PBXSourcesBuildPhase;
			buildActionMask = 2147483647;
			files = (
				184391BA1B130D3D00C24C5D /* DTGlobal.m in Sources */,
				18322E121B13033200910882 /* AppDelegate.m in Sources */,
				183291CE1B13369F00D89946 /* ZWTTextboxToolbarHandler.m in Sources */,
				183291D91B13440B00D89946 /* DTDBManager.m in Sources */,
				183291D61B1343A600D89946 /* DTUser.m in Sources */,
				18322E0F1B13033200910882 /* main.m in Sources */,
				184391A41B13068B00C24C5D /* SignupViewController.m in Sources */,
				183291BE1B13344000D89946 /* ForgotPasswordViewController.m in Sources */,
				184391A11B13068000C24C5D /* LoginViewController.m in Sources */,
				184391A71B13069800C24C5D /* ProfileViewController.m in Sources */,
			);
			runOnlyForDeploymentPostprocessing = 0;
		};
/* End PBXSourcesBuildPhase section */

/* Begin PBXVariantGroup section */
		18322E161B13033200910882 /* Main.storyboard */ = {
			isa = PBXVariantGroup;
			children = (
				18322E171B13033200910882 /* Base */,
			);
			name = Main.storyboard;
			sourceTree = "<group>";
		};
/* End PBXVariantGroup section */

/* Begin XCBuildConfiguration section */
		18322E2A1B13033200910882 /* Debug */ = {
			isa = XCBuildConfiguration;
			buildSettings = {
				ALWAYS_SEARCH_USER_PATHS = NO;
				CLANG_CXX_LANGUAGE_STANDARD = "gnu++0x";
				CLANG_CXX_LIBRARY = "libc++";
				CLANG_ENABLE_MODULES = YES;
				CLANG_ENABLE_OBJC_ARC = YES;
				CLANG_WARN_BOOL_CONVERSION = YES;
				CLANG_WARN_CONSTANT_CONVERSION = YES;
				CLANG_WARN_DIRECT_OBJC_ISA_USAGE = YES_ERROR;
				CLANG_WARN_EMPTY_BODY = YES;
				CLANG_WARN_ENUM_CONVERSION = YES;
				CLANG_WARN_INT_CONVERSION = YES;
				CLANG_WARN_OBJC_ROOT_CLASS = YES_ERROR;
				CLANG_WARN_UNREACHABLE_CODE = YES;
				CLANG_WARN__DUPLICATE_METHOD_MATCH = YES;
				"CODE_SIGN_IDENTITY[sdk=iphoneos*]" = "iPhone Developer";
				COPY_PHASE_STRIP = NO;
				DEBUG_INFORMATION_FORMAT = "dwarf-with-dsym";
				ENABLE_STRICT_OBJC_MSGSEND = YES;
				GCC_C_LANGUAGE_STANDARD = gnu99;
				GCC_DYNAMIC_NO_PIC = NO;
				GCC_NO_COMMON_BLOCKS = YES;
				GCC_OPTIMIZATION_LEVEL = 0;
				GCC_PREPROCESSOR_DEFINITIONS = (
					"DEBUG=1",
					"$(inherited)",
				);
				GCC_SYMBOLS_PRIVATE_EXTERN = NO;
				GCC_WARN_64_TO_32_BIT_CONVERSION = YES;
				GCC_WARN_ABOUT_RETURN_TYPE = YES_ERROR;
				GCC_WARN_UNDECLARED_SELECTOR = YES;
				GCC_WARN_UNINITIALIZED_AUTOS = YES_AGGRESSIVE;
				GCC_WARN_UNUSED_FUNCTION = YES;
				GCC_WARN_UNUSED_VARIABLE = YES;
				IPHONEOS_DEPLOYMENT_TARGET = 7.0;
				MTL_ENABLE_DEBUG_INFO = YES;
				ONLY_ACTIVE_ARCH = YES;
				SDKROOT = iphoneos;
			};
			name = Debug;
		};
		18322E2B1B13033200910882 /* Release */ = {
			isa = XCBuildConfiguration;
			buildSettings = {
				ALWAYS_SEARCH_USER_PATHS = NO;
				CLANG_CXX_LANGUAGE_STANDARD = "gnu++0x";
				CLANG_CXX_LIBRARY = "libc++";
				CLANG_ENABLE_MODULES = YES;
				CLANG_ENABLE_OBJC_ARC = YES;
				CLANG_WARN_BOOL_CONVERSION = YES;
				CLANG_WARN_CONSTANT_CONVERSION = YES;
				CLANG_WARN_DIRECT_OBJC_ISA_USAGE = YES_ERROR;
				CLANG_WARN_EMPTY_BODY = YES;
				CLANG_WARN_ENUM_CONVERSION = YES;
				CLANG_WARN_INT_CONVERSION = YES;
				CLANG_WARN_OBJC_ROOT_CLASS = YES_ERROR;
				CLANG_WARN_UNREACHABLE_CODE = YES;
				CLANG_WARN__DUPLICATE_METHOD_MATCH = YES;
				"CODE_SIGN_IDENTITY[sdk=iphoneos*]" = "iPhone Developer";
				COPY_PHASE_STRIP = NO;
				DEBUG_INFORMATION_FORMAT = "dwarf-with-dsym";
				ENABLE_NS_ASSERTIONS = NO;
				ENABLE_STRICT_OBJC_MSGSEND = YES;
				GCC_C_LANGUAGE_STANDARD = gnu99;
				GCC_NO_COMMON_BLOCKS = YES;
				GCC_WARN_64_TO_32_BIT_CONVERSION = YES;
				GCC_WARN_ABOUT_RETURN_TYPE = YES_ERROR;
				GCC_WARN_UNDECLARED_SELECTOR = YES;
				GCC_WARN_UNINITIALIZED_AUTOS = YES_AGGRESSIVE;
				GCC_WARN_UNUSED_FUNCTION = YES;
				GCC_WARN_UNUSED_VARIABLE = YES;
				IPHONEOS_DEPLOYMENT_TARGET = 7.0;
				MTL_ENABLE_DEBUG_INFO = NO;
				SDKROOT = iphoneos;
				VALIDATE_PRODUCT = YES;
			};
			name = Release;
		};
		18322E2D1B13033200910882 /* Debug */ = {
			isa = XCBuildConfiguration;
			buildSettings = {
				ASSETCATALOG_COMPILER_APPICON_NAME = AppIcon;
				ASSETCATALOG_COMPILER_LAUNCHIMAGE_NAME = LaunchImage;
				FRAMEWORK_SEARCH_PATHS = (
					"$(inherited)",
					"$(PROJECT_DIR)",
				);
				GCC_PRECOMPILE_PREFIX_HEADER = YES;
				GCC_PREFIX_HEADER = "$(SRCROOT)/$(PROJECT_NAME)//PrefixHeader.pch";
				INFOPLIST_FILE = "Development Test/Info.plist";
				IPHONEOS_DEPLOYMENT_TARGET = 7.0;
				LD_RUNPATH_SEARCH_PATHS = "$(inherited) @executable_path/Frameworks";
				PRODUCT_NAME = "$(TARGET_NAME)";
			};
			name = Debug;
		};
		18322E2E1B13033200910882 /* Release */ = {
			isa = XCBuildConfiguration;
			buildSettings = {
				ASSETCATALOG_COMPILER_APPICON_NAME = AppIcon;
				ASSETCATALOG_COMPILER_LAUNCHIMAGE_NAME = LaunchImage;
				FRAMEWORK_SEARCH_PATHS = (
					"$(inherited)",
					"$(PROJECT_DIR)",
				);
				GCC_PRECOMPILE_PREFIX_HEADER = YES;
				GCC_PREFIX_HEADER = "$(SRCROOT)/$(PROJECT_NAME)//PrefixHeader.pch";
				INFOPLIST_FILE = "Development Test/Info.plist";
				IPHONEOS_DEPLOYMENT_TARGET = 7.0;
				LD_RUNPATH_SEARCH_PATHS = "$(inherited) @executable_path/Frameworks";
				PRODUCT_NAME = "$(TARGET_NAME)";
			};
			name = Release;
		};
/* End XCBuildConfiguration section */

/* Begin XCConfigurationList section */
		18322E041B13033200910882 /* Build configuration list for PBXProject "Development Test" */ = {
			isa = XCConfigurationList;
			buildConfigurations = (
				18322E2A1B13033200910882 /* Debug */,
				18322E2B1B13033200910882 /* Release */,
			);
			defaultConfigurationIsVisible = 0;
			defaultConfigurationName = Release;
		};
		18322E2C1B13033200910882 /* Build configuration list for PBXNativeTarget "Development Test" */ = {
			isa = XCConfigurationList;
			buildConfigurations = (
				18322E2D1B13033200910882 /* Debug */,
				18322E2E1B13033200910882 /* Release */,
			);
			defaultConfigurationIsVisible = 0;
			defaultConfigurationName = Release;
		};
/* End XCConfigurationList section */
	};
	rootObject = 18322E011B13033200910882 /* Project object */;
}
